version = 1
revision = 3
requires-python = ">=3.12"

[[package]]
name = "digsinet-v2"
version = "0.1.0"
source = { virtual = "." }
dependencies = [
    { name = "nats-py" },
]

[package.metadata]
requires-dist = [{ name = "nats-py", specifier = ">=2.12.0" }]

[[package]]
name = "nats-py"
version = "2.12.0"
source = { registry = "https://pypi.org/simple" }
sdist = { url = "https://files.pythonhosted.org/packages/71/c5/2564d917503fe8d68fe630c74bf6b678fbc15c01b58f2565894761010f57/nats_py-2.12.0.tar.gz", hash = "sha256:2981ca4b63b8266c855573fa7871b1be741f1889fd429ee657e5ffc0971a38a1", size = 119821, upload-time = "2025-10-31T05:27:31.247Z" }
